{
  "name": "backend",
  "lockfileVersion": 3,
  "requires": true,
  "packages": {
    "": {
      "dependencies": {
        "fixprom-fullstack": "file:.."
      }
    },
    "..": {
      "name": "fixprom-fullstack",
      "version": "1.0.0",
      "hasInstallScript": true,
      "devDependencies": {
        "concurrently": "^8.2.0"
      }
    },
    "node_modules/fixprom-fullstack": {
      "resolved": "..",
      "link": true
    }
  }
}
